{
  "name": "test-dependency-graph",
  "version": "1.0.0",
  "lockfileVersion": 1,
  "requires": true,
  "dependencies": {
    "bluebird": {
      "version": "3.5.3",
      "resolved": "https://registry.npmjs.org/bluebird/-/bluebird-3.5.3.tgz",
      "integrity": "sha512-/qKPUQlaW1OyR51WeCPBvRnAlnZFUJkCSG5HzGnuIqhgyJtF+T94lFnn33eiazjRm2LAHVy2guNnaq48X9SJuw=="
    },
    "consolidate": {
      "version": "0.15.1",
      "resolved": "https://registry.npmjs.org/consolidate/-/consolidate-0.15.1.tgz",
      "integrity": "sha512-DW46nrsMJgy9kqAbPt5rKaCr7uFtpo4mSUvLHIUbJEjm0vo+aY5QLwBUq3FK4tRnJr/X0Psc0C4jf/h+HtXSMw==",
      "requires": {
        "bluebird": "^3.1.1"
      }
    },
    "ejs": {
      "version": "0.8.8",
      "resolved": "https://registry.npmjs.org/ejs/-/ejs-0.8.8.tgz",
      "integrity": "sha1-/9xW3MNdApJt1QrRNDm7xUBh1Zg="
    },
    "ejs-locals": {
      "version": "1.0.2",
      "resolved": "https://registry.npmjs.org/ejs-locals/-/ejs-locals-1.0.2.tgz",
      "integrity": "sha1-ubMg/2kzFUEF+g7taD6mTWeAiM4=",
      "requires": {
        "ejs": "0.8.x"
      }
    }
  }
}
